{
    "_readme": [
        "This file locks the dependencies of your project to a known state",
        "Read more about it at https://getcomposer.org/doc/01-basic-usage.md#installing-dependencies",
        "This file is @generated automatically"
    ],
    "content-hash": "d751713988987e9331980363e24189ce",
    "packages": [
        {
            "name": "league/oauth2-client",
            "version": "2.7.0",
            "source": {
                "type": "git",
                "url": "https://github.com/thephpleague/oauth2-client.git",
                "reference": "160d6274b03562ebeb55ed18399281d8118b76c8"
            },
            "type": "library",
            "autoload": {
                "psr-4": {
                    "League\\OAuth2\\Client\\": "src/"
                }
            }
        },
        {
            "name": "league/oauth2-google",
            "version": "4.0.1",
            "source": {
                "type": "git",
                "url": "https://github.com/thephpleague/oauth2-google.git",
                "reference": "deb9e2b51fa709d5be6e1f5bed9cfb99e5399148"
            },
            "type": "library",
            "autoload": {
                "psr-4": {
                    "League\\OAuth2\\Client\\": "src/"
                }
            }
        },
        {
            "name": "league/oauth2-facebook",
            "version": "2.2.0",
            "source": {
                "type": "git",
                "url": "https://github.com/thephpleague/oauth2-facebook.git",
                "reference": "ec6d62a00b548c6cd56d7b734346b9e6befbfbbb"
            },
            "type": "library",
            "autoload": {
                "psr-4": {
                    "League\\OAuth2\\Client\\": "src/"
                }
            }
        },
        {
            "name": "league/oauth2-github",
            "version": "3.1.0",
            "source": {
                "type": "git",
                "url": "https://github.com/thephpleague/oauth2-github.git",
                "reference": "08de753fae74b324afcec8b8c4203d452406b50d"
            },
            "type": "library",
            "autoload": {
                "psr-4": {
                    "League\\OAuth2\\Client\\": "src/"
                }
            }
        },
        {
            "name": "patrickbussmann/oauth2-apple",
            "version": "0.2.4",
            "source": {
                "type": "git",
                "url": "https://github.com/patrickbussmann/oauth2-apple.git",
                "reference": "09a7e8d0b2db8c657ee8bb9e30d3edfa84c16ce1"
            },
            "type": "library",
            "autoload": {
                "psr-4": {
                    "PatrickBussmann\\OAuth2\\Client\\": "src/"
                }
            }
        }
    ],
    "packages-dev": [],
    "aliases": [],
    "minimum-stability": "stable",
    "stability-flags": [],
    "prefer-stable": true,
    "prefer-lowest": false,
    "platform": [],
    "platform-dev": [],
    "plugin-api-version": "2.3.0"
} 